// !$*UTF8*$!
{
	archiveVersion = 1;
	classes = {
	};
	objectVersion = 46;
	objects = {

/* Begin PBXBuildFile section */
		229B7B6A1F0F7C27005CCAF7 /* AppDelegate.swift in Sources */ = {isa = PBXBuildFile; fileRef = 229B7B691F0F7C27005CCAF7 /* AppDelegate.swift */; };
		229B7B6C1F0F7C28005CCAF7 /* ViewController.swift in Sources */ = {isa = PBXBuildFile; fileRef = 229B7B6B1F0F7C28005CCAF7 /* ViewController.swift */; };
		229B7B6F1F0F7C28005CCAF7 /* Main.storyboard in Resources */ = {isa = PBXBuildFile; fileRef = 229B7B6D1F0F7C28005CCAF7 /* Main.storyboard */; };
		229B7B711F0F7C29005CCAF7 /* Assets.xcassets in Resources */ = {isa = PBXBuildFile; fileRef = 229B7B701F0F7C29005CCAF7 /* Assets.xcassets */; };
		229B7B741F0F7C29005CCAF7 /* LaunchScreen.storyboard in Resources */ = {isa = PBXBuildFile; fileRef = 229B7B721F0F7C29005CCAF7 /* LaunchScreen.storyboard */; };
		229B7B7F1F0F7C29005CCAF7 /* ToastTests.swift in Sources */ = {isa = PBXBuildFile; fileRef = 229B7B7E1F0F7C29005CCAF7 /* ToastTests.swift */; };
		229B7B8A1F0F7C29005CCAF7 /* ToastUITests.swift in Sources */ = {isa = PBXBuildFile; fileRef = 229B7B891F0F7C29005CCAF7 /* ToastUITests.swift */; };
		229B7B991F0F7CF9005CCAF7 /* Toast.swift in Sources */ = {isa = PBXBuildFile; fileRef = 229B7B981F0F7CF9005CCAF7 /* Toast.swift */; };
		229B7B9B1F0F7D52005CCAF7 /* ToastView.xib in Resources */ = {isa = PBXBuildFile; fileRef = 229B7B9A1F0F7D52005CCAF7 /* ToastView.xib */; };
		229B7B9D1F0F7EBE005CCAF7 /* CGRectExt.swift in Sources */ = {isa = PBXBuildFile; fileRef = 229B7B9C1F0F7EBE005CCAF7 /* CGRectExt.swift */; };
		229B7B9F1F0F7EE2005CCAF7 /* NumberExt.swift in Sources */ = {isa = PBXBuildFile; fileRef = 229B7B9E1F0F7EE2005CCAF7 /* NumberExt.swift */; };
		229B7BA11F0F7F07005CCAF7 /* StringExt.swift in Sources */ = {isa = PBXBuildFile; fileRef = 229B7BA01F0F7F07005CCAF7 /* StringExt.swift */; };
		229B7BA31F0F821D005CCAF7 /* ToastView.swift in Sources */ = {isa = PBXBuildFile; fileRef = 229B7BA21F0F821D005CCAF7 /* ToastView.swift */; };
		229B7BA51F0F87B1005CCAF7 /* UIViewExt.swift in Sources */ = {isa = PBXBuildFile; fileRef = 229B7BA41F0F87B1005CCAF7 /* UIViewExt.swift */; };
		229B7BA71F0F886D005CCAF7 /* TimerHelper.swift in Sources */ = {isa = PBXBuildFile; fileRef = 229B7BA61F0F886D005CCAF7 /* TimerHelper.swift */; };
		229B7BA91F0F894B005CCAF7 /* screenshot.png in Resources */ = {isa = PBXBuildFile; fileRef = 229B7BA81F0F894B005CCAF7 /* screenshot.png */; };
/* End PBXBuildFile section */

/* Begin PBXContainerItemProxy section */
		229B7B7B1F0F7C29005CCAF7 /* PBXContainerItemProxy */ = {
			isa = PBXContainerItemProxy;
			containerPortal = 229B7B5E1F0F7C27005CCAF7 /* Project object */;
			proxyType = 1;
			remoteGlobalIDString = 229B7B651F0F7C27005CCAF7;
			remoteInfo = Toast;
		};
		229B7B861F0F7C29005CCAF7 /* PBXContainerItemProxy */ = {
			isa = PBXContainerItemProxy;
			containerPortal = 229B7B5E1F0F7C27005CCAF7 /* Project object */;
			proxyType = 1;
			remoteGlobalIDString = 229B7B651F0F7C27005CCAF7;
			remoteInfo = Toast;
		};
/* End PBXContainerItemProxy section */

/* Begin PBXFileReference section */
		229B7B661F0F7C27005CCAF7 /* Toast.app */ = {isa = PBXFileReference; explicitFileType = wrapper.application; includeInIndex = 0; path = Toast.app; sourceTree = BUILT_PRODUCTS_DIR; };
		229B7B691F0F7C27005CCAF7 /* AppDelegate.swift */ = {isa = PBXFileReference; lastKnownFileType = sourcecode.swift; path = AppDelegate.swift; sourceTree = "<group>"; };
		229B7B6B1F0F7C28005CCAF7 /* ViewController.swift */ = {isa = PBXFileReference; lastKnownFileType = sourcecode.swift; path = ViewController.swift; sourceTree = "<group>"; };
		229B7B6E1F0F7C28005CCAF7 /* Base */ = {isa = PBXFileReference; lastKnownFileType = file.storyboard; name = Base; path = Base.lproj/Main.storyboard; sourceTree = "<group>"; };
		229B7B701F0F7C29005CCAF7 /* Assets.xcassets */ = {isa = PBXFileReference; lastKnownFileType = folder.assetcatalog; path = Assets.xcassets; sourceTree = "<group>"; };
		229B7B731F0F7C29005CCAF7 /* Base */ = {isa = PBXFileReference; lastKnownFileType = file.storyboard; name = Base; path = Base.lproj/LaunchScreen.storyboard; sourceTree = "<group>"; };
		229B7B751F0F7C29005CCAF7 /* Info.plist */ = {isa = PBXFileReference; lastKnownFileType = text.plist.xml; path = Info.plist; sourceTree = "<group>"; };
		229B7B7A1F0F7C29005CCAF7 /* ToastTests.xctest */ = {isa = PBXFileReference; explicitFileType = wrapper.cfbundle; includeInIndex = 0; path = ToastTests.xctest; sourceTree = BUILT_PRODUCTS_DIR; };
		229B7B7E1F0F7C29005CCAF7 /* ToastTests.swift */ = {isa = PBXFileReference; lastKnownFileType = sourcecode.swift; path = ToastTests.swift; sourceTree = "<group>"; };
		229B7B801F0F7C29005CCAF7 /* Info.plist */ = {isa = PBXFileReference; lastKnownFileType = text.plist.xml; path = Info.plist; sourceTree = "<group>"; };
		229B7B851F0F7C29005CCAF7 /* ToastUITests.xctest */ = {isa = PBXFileReference; explicitFileType = wrapper.cfbundle; includeInIndex = 0; path = ToastUITests.xctest; sourceTree = BUILT_PRODUCTS_DIR; };
		229B7B891F0F7C29005CCAF7 /* ToastUITests.swift */ = {isa = PBXFileReference; lastKnownFileType = sourcecode.swift; path = ToastUITests.swift; sourceTree = "<group>"; };
		229B7B8B1F0F7C29005CCAF7 /* Info.plist */ = {isa = PBXFileReference; lastKnownFileType = text.plist.xml; path = Info.plist; sourceTree = "<group>"; };
		229B7B981F0F7CF9005CCAF7 /* Toast.swift */ = {isa = PBXFileReference; fileEncoding = 4; lastKnownFileType = sourcecode.swift; path = Toast.swift; sourceTree = "<group>"; };
		229B7B9A1F0F7D52005CCAF7 /* ToastView.xib */ = {isa = PBXFileReference; fileEncoding = 4; lastKnownFileType = file.xib; path = ToastView.xib; sourceTree = "<group>"; };
		229B7B9C1F0F7EBE005CCAF7 /* CGRectExt.swift */ = {isa = PBXFileReference; fileEncoding = 4; lastKnownFileType = sourcecode.swift; path = CGRectExt.swift; sourceTree = "<group>"; };
		229B7B9E1F0F7EE2005CCAF7 /* NumberExt.swift */ = {isa = PBXFileReference; fileEncoding = 4; lastKnownFileType = sourcecode.swift; path = NumberExt.swift; sourceTree = "<group>"; };
		229B7BA01F0F7F07005CCAF7 /* StringExt.swift */ = {isa = PBXFileReference; fileEncoding = 4; lastKnownFileType = sourcecode.swift; path = StringExt.swift; sourceTree = "<group>"; };
		229B7BA21F0F821D005CCAF7 /* ToastView.swift */ = {isa = PBXFileReference; fileEncoding = 4; lastKnownFileType = sourcecode.swift; path = ToastView.swift; sourceTree = "<group>"; };
		229B7BA41F0F87B1005CCAF7 /* UIViewExt.swift */ = {isa = PBXFileReference; fileEncoding = 4; lastKnownFileType = sourcecode.swift; path = UIViewExt.swift; sourceTree = "<group>"; };
		229B7BA61F0F886D005CCAF7 /* TimerHelper.swift */ = {isa = PBXFileReference; fileEncoding = 4; lastKnownFileType = sourcecode.swift; path = TimerHelper.swift; sourceTree = "<group>"; };
		229B7BA81F0F894B005CCAF7 /* screenshot.png */ = {isa = PBXFileReference; lastKnownFileType = image.png; path = screenshot.png; sourceTree = "<group>"; };
/* End PBXFileReference section */

/* Begin PBXFrameworksBuildPhase section */
		229B7B631F0F7C27005CCAF7 /* Frameworks */ = {
			isa = PBXFrameworksBuildPhase;
			buildActionMask = 2147483647;
			files = (
			);
			runOnlyForDeploymentPostprocessing = 0;
		};
		229B7B771F0F7C29005CCAF7 /* Frameworks */ = {
			isa = PBXFrameworksBuildPhase;
			buildActionMask = 2147483647;
			files = (
			);
			runOnlyForDeploymentPostprocessing = 0;
		};
		229B7B821F0F7C29005CCAF7 /* Frameworks */ = {
			isa = PBXFrameworksBuildPhase;
			buildActionMask = 2147483647;
			files = (
			);
			runOnlyForDeploymentPostprocessing = 0;
		};
/* End PBXFrameworksBuildPhase section */

/* Begin PBXGroup section */
		229B7B5D1F0F7C27005CCAF7 = {
			isa = PBXGroup;
			children = (
				229B7B681F0F7C27005CCAF7 /* Toast */,
				229B7B7D1F0F7C29005CCAF7 /* ToastTests */,
				229B7B881F0F7C29005CCAF7 /* ToastUITests */,
				229B7B671F0F7C27005CCAF7 /* Products */,
			);
			sourceTree = "<group>";
		};
		229B7B671F0F7C27005CCAF7 /* Products */ = {
			isa = PBXGroup;
			children = (
				229B7B661F0F7C27005CCAF7 /* Toast.app */,
				229B7B7A1F0F7C29005CCAF7 /* ToastTests.xctest */,
				229B7B851F0F7C29005CCAF7 /* ToastUITests.xctest */,
			);
			name = Products;
			sourceTree = "<group>";
		};
		229B7B681F0F7C27005CCAF7 /* Toast */ = {
			isa = PBXGroup;
			children = (
				229B7BA81F0F894B005CCAF7 /* screenshot.png */,
				229B7B971F0F7CE7005CCAF7 /* source */,
				229B7B691F0F7C27005CCAF7 /* AppDelegate.swift */,
				229B7B6B1F0F7C28005CCAF7 /* ViewController.swift */,
				229B7B6D1F0F7C28005CCAF7 /* Main.storyboard */,
				229B7B701F0F7C29005CCAF7 /* Assets.xcassets */,
				229B7B721F0F7C29005CCAF7 /* LaunchScreen.storyboard */,
				229B7B751F0F7C29005CCAF7 /* Info.plist */,
			);
			path = Toast;
			sourceTree = "<group>";
		};
		229B7B7D1F0F7C29005CCAF7 /* ToastTests */ = {
			isa = PBXGroup;
			children = (
				229B7B7E1F0F7C29005CCAF7 /* ToastTests.swift */,
				229B7B801F0F7C29005CCAF7 /* Info.plist */,
			);
			path = ToastTests;
			sourceTree = "<group>";
		};
		229B7B881F0F7C29005CCAF7 /* ToastUITests */ = {
			isa = PBXGroup;
			children = (
				229B7B891F0F7C29005CCAF7 /* ToastUITests.swift */,
				229B7B8B1F0F7C29005CCAF7 /* Info.plist */,
			);
			path = ToastUITests;
			sourceTree = "<group>";
		};
		229B7B971F0F7CE7005CCAF7 /* source */ = {
			isa = PBXGroup;
			children = (
				229B7BA41F0F87B1005CCAF7 /* UIViewExt.swift */,
				229B7B9E1F0F7EE2005CCAF7 /* NumberExt.swift */,
				229B7B9C1F0F7EBE005CCAF7 /* CGRectExt.swift */,
				229B7BA21F0F821D005CCAF7 /* ToastView.swift */,
				229B7B9A1F0F7D52005CCAF7 /* ToastView.xib */,
				229B7B981F0F7CF9005CCAF7 /* Toast.swift */,
				229B7BA01F0F7F07005CCAF7 /* StringExt.swift */,
				229B7BA61F0F886D005CCAF7 /* TimerHelper.swift */,
			);
			path = source;
			sourceTree = "<group>";
		};
/* End PBXGroup section */

/* Begin PBXNativeTarget section */
		229B7B651F0F7C27005CCAF7 /* Toast */ = {
			isa = PBXNativeTarget;
			buildConfigurationList = 229B7B8E1F0F7C29005CCAF7 /* Build configuration list for PBXNativeTarget "Toast" */;
			buildPhases = (
				229B7B621F0F7C27005CCAF7 /* Sources */,
				229B7B631F0F7C27005CCAF7 /* Frameworks */,
				229B7B641F0F7C27005CCAF7 /* Resources */,
			);
			buildRules = (
			);
			dependencies = (
			);
			name = Toast;
			productName = Toast;
			productReference = 229B7B661F0F7C27005CCAF7 /* Toast.app */;
			productType = "com.apple.product-type.application";
		};
		229B7B791F0F7C29005CCAF7 /* ToastTests */ = {
			isa = PBXNativeTarget;
			buildConfigurationList = 229B7B911F0F7C29005CCAF7 /* Build configuration list for PBXNativeTarget "ToastTests" */;
			buildPhases = (
				229B7B761F0F7C29005CCAF7 /* Sources */,
				229B7B771F0F7C29005CCAF7 /* Frameworks */,
				229B7B781F0F7C29005CCAF7 /* Resources */,
			);
			buildRules = (
			);
			dependencies = (
				229B7B7C1F0F7C29005CCAF7 /* PBXTargetDependency */,
			);
			name = ToastTests;
			productName = ToastTests;
			productReference = 229B7B7A1F0F7C29005CCAF7 /* ToastTests.xctest */;
			productType = "com.apple.product-type.bundle.unit-test";
		};
		229B7B841F0F7C29005CCAF7 /* ToastUITests */ = {
			isa = PBXNativeTarget;
			buildConfigurationList = 229B7B941F0F7C29005CCAF7 /* Build configuration list for PBXNativeTarget "ToastUITests" */;
			buildPhases = (
				229B7B811F0F7C29005CCAF7 /* Sources */,
				229B7B821F0F7C29005CCAF7 /* Frameworks */,
				229B7B831F0F7C29005CCAF7 /* Resources */,
			);
			buildRules = (
			);
			dependencies = (
				229B7B871F0F7C29005CCAF7 /* PBXTargetDependency */,
			);
			name = ToastUITests;
			productName = ToastUITests;
			productReference = 229B7B851F0F7C29005CCAF7 /* ToastUITests.xctest */;
			productType = "com.apple.product-type.bundle.ui-testing";
		};
/* End PBXNativeTarget section */

/* Begin PBXProject section */
		229B7B5E1F0F7C27005CCAF7 /* Project object */ = {
			isa = PBXProject;
			attributes = {
				LastSwiftUpdateCheck = 0830;
				LastUpgradeCheck = 0830;
				ORGANIZATIONNAME = kikt;
				TargetAttributes = {
					229B7B651F0F7C27005CCAF7 = {
						CreatedOnToolsVersion = 8.3.3;
						DevelopmentTeam = 9NW4ZFS68P;
						ProvisioningStyle = Automatic;
					};
					229B7B791F0F7C29005CCAF7 = {
						CreatedOnToolsVersion = 8.3.3;
						DevelopmentTeam = 9NW4ZFS68P;
						ProvisioningStyle = Automatic;
						TestTargetID = 229B7B651F0F7C27005CCAF7;
					};
					229B7B841F0F7C29005CCAF7 = {
						CreatedOnToolsVersion = 8.3.3;
						DevelopmentTeam = 9NW4ZFS68P;
						ProvisioningStyle = Automatic;
						TestTargetID = 229B7B651F0F7C27005CCAF7;
					};
				};
			};
			buildConfigurationList = 229B7B611F0F7C27005CCAF7 /* Build configuration list for PBXProject "Toast" */;
			compatibilityVersion = "Xcode 3.2";
			developmentRegion = English;
			hasScannedForEncodings = 0;
			knownRegions = (
				en,
				Base,
			);
			mainGroup = 229B7B5D1F0F7C27005CCAF7;
			productRefGroup = 229B7B671F0F7C27005CCAF7 /* Products */;
			projectDirPath = "";
			projectRoot = "";
			targets = (
				229B7B651F0F7C27005CCAF7 /* Toast */,
				229B7B791F0F7C29005CCAF7 /* ToastTests */,
				229B7B841F0F7C29005CCAF7 /* ToastUITests */,
			);
		};
/* End PBXProject section */

/* Begin PBXResourcesBuildPhase section */
		229B7B641F0F7C27005CCAF7 /* Resources */ = {
			isa = PBXResourcesBuildPhase;
			buildActionMask = 2147483647;
			files = (
				229B7B9B1F0F7D52005CCAF7 /* ToastView.xib in Resources */,
				229B7B741F0F7C29005CCAF7 /* LaunchScreen.storyboard in Resources */,
				229B7BA91F0F894B005CCAF7 /* screenshot.png in Resources */,
				229B7B711F0F7C29005CCAF7 /* Assets.xcassets in Resources */,
				229B7B6F1F0F7C28005CCAF7 /* Main.storyboard in Resources */,
			);
			runOnlyForDeploymentPostprocessing = 0;
		};
		229B7B781F0F7C29005CCAF7 /* Resources */ = {
			isa = PBXResourcesBuildPhase;
			buildActionMask = 2147483647;
			files = (
			);
			runOnlyForDeploymentPostprocessing = 0;
		};
		229B7B831F0F7C29005CCAF7 /* Resources */ = {
			isa = PBXResourcesBuildPhase;
			buildActionMask = 2147483647;
			files = (
			);
			runOnlyForDeploymentPostprocessing = 0;
		};
/* End PBXResourcesBuildPhase section */

/* Begin PBXSourcesBuildPhase section */
		229B7B621F0F7C27005CCAF7 /* Sources */ = {
			isa = PBXSourcesBuildPhase;
			buildActionMask = 2147483647;
			files = (
				229B7B6C1F0F7C28005CCAF7 /* ViewController.swift in Sources */,
				229B7BA31F0F821D005CCAF7 /* ToastView.swift in Sources */,
				229B7B991F0F7CF9005CCAF7 /* Toast.swift in Sources */,
				229B7BA71F0F886D005CCAF7 /* TimerHelper.swift in Sources */,
				229B7B9F1F0F7EE2005CCAF7 /* NumberExt.swift in Sources */,
				229B7BA51F0F87B1005CCAF7 /* UIViewExt.swift in Sources */,
				229B7B6A1F0F7C27005CCAF7 /* AppDelegate.swift in Sources */,
				229B7BA11F0F7F07005CCAF7 /* StringExt.swift in Sources */,
				229B7B9D1F0F7EBE005CCAF7 /* CGRectExt.swift in Sources */,
			);
			runOnlyForDeploymentPostprocessing = 0;
		};
		229B7B761F0F7C29005CCAF7 /* Sources */ = {
			isa = PBXSourcesBuildPhase;
			buildActionMask = 2147483647;
			files = (
				229B7B7F1F0F7C29005CCAF7 /* ToastTests.swift in Sources */,
			);
			runOnlyForDeploymentPostprocessing = 0;
		};
		229B7B811F0F7C29005CCAF7 /* Sources */ = {
			isa = PBXSourcesBuildPhase;
			buildActionMask = 2147483647;
			files = (
				229B7B8A1F0F7C29005CCAF7 /* ToastUITests.swift in Sources */,
			);
			runOnlyForDeploymentPostprocessing = 0;
		};
/* End PBXSourcesBuildPhase section */

/* Begin PBXTargetDependency section */
		229B7B7C1F0F7C29005CCAF7 /* PBXTargetDependency */ = {
			isa = PBXTargetDependency;
			target = 229B7B651F0F7C27005CCAF7 /* Toast */;
			targetProxy = 229B7B7B1F0F7C29005CCAF7 /* PBXContainerItemProxy */;
		};
		229B7B871F0F7C29005CCAF7 /* PBXTargetDependency */ = {
			isa = PBXTargetDependency;
			target = 229B7B651F0F7C27005CCAF7 /* Toast */;
			targetProxy = 229B7B861F0F7C29005CCAF7 /* PBXContainerItemProxy */;
		};
/* End PBXTargetDependency section */

/* Begin PBXVariantGroup section */
		229B7B6D1F0F7C28005CCAF7 /* Main.storyboard */ = {
			isa = PBXVariantGroup;
			children = (
				229B7B6E1F0F7C28005CCAF7 /* Base */,
			);
			name = Main.storyboard;
			sourceTree = "<group>";
		};
		229B7B721F0F7C29005CCAF7 /* LaunchScreen.storyboard */ = {
			isa = PBXVariantGroup;
			children = (
				229B7B731F0F7C29005CCAF7 /* Base */,
			);
			name = LaunchScreen.storyboard;
			sourceTree = "<group>";
		};
/* End PBXVariantGroup section */

/* Begin XCBuildConfiguration section */
		229B7B8C1F0F7C29005CCAF7 /* Debug */ = {
			isa = XCBuildConfiguration;
			buildSettings = {
				ALWAYS_SEARCH_USER_PATHS = NO;
				CLANG_ANALYZER_NONNULL = YES;
				CLANG_ANALYZER_NUMBER_OBJECT_CONVERSION = YES_AGGRESSIVE;
				CLANG_CXX_LANGUAGE_STANDARD = "gnu++0x";
				CLANG_CXX_LIBRARY = "libc++";
				CLANG_ENABLE_MODULES = YES;
				CLANG_ENABLE_OBJC_ARC = YES;
				CLANG_WARN_BOOL_CONVERSION = YES;
				CLANG_WARN_CONSTANT_CONVERSION = YES;
				CLANG_WARN_DIRECT_OBJC_ISA_USAGE = YES_ERROR;
				CLANG_WARN_DOCUMENTATION_COMMENTS = YES;
				CLANG_WARN_EMPTY_BODY = YES;
				CLANG_WARN_ENUM_CONVERSION = YES;
				CLANG_WARN_INFINITE_RECURSION = YES;
				CLANG_WARN_INT_CONVERSION = YES;
				CLANG_WARN_OBJC_ROOT_CLASS = YES_ERROR;
				CLANG_WARN_SUSPICIOUS_MOVE = YES;
				CLANG_WARN_UNREACHABLE_CODE = YES;
				CLANG_WARN__DUPLICATE_METHOD_MATCH = YES;
				"CODE_SIGN_IDENTITY[sdk=iphoneos*]" = "iPhone Developer";
				COPY_PHASE_STRIP = NO;
				DEBUG_INFORMATION_FORMAT = dwarf;
				ENABLE_STRICT_OBJC_MSGSEND = YES;
				ENABLE_TESTABILITY = YES;
				GCC_C_LANGUAGE_STANDARD = gnu99;
				GCC_DYNAMIC_NO_PIC = NO;
				GCC_NO_COMMON_BLOCKS = YES;
				GCC_OPTIMIZATION_LEVEL = 0;
				GCC_PREPROCESSOR_DEFINITIONS = (
					"DEBUG=1",
					"$(inherited)",
				);
				GCC_WARN_64_TO_32_BIT_CONVERSION = YES;
				GCC_WARN_ABOUT_RETURN_TYPE = YES_ERROR;
				GCC_WARN_UNDECLARED_SELECTOR = YES;
				GCC_WARN_UNINITIALIZED_AUTOS = YES_AGGRESSIVE;
				GCC_WARN_UNUSED_FUNCTION = YES;
				GCC_WARN_UNUSED_VARIABLE = YES;
				IPHONEOS_DEPLOYMENT_TARGET = 10.3;
				MTL_ENABLE_DEBUG_INFO = YES;
				ONLY_ACTIVE_ARCH = YES;
				SDKROOT = iphoneos;
				SWIFT_ACTIVE_COMPILATION_CONDITIONS = DEBUG;
				SWIFT_OPTIMIZATION_LEVEL = "-Onone";
			};
			name = Debug;
		};
		229B7B8D1F0F7C29005CCAF7 /* Release */ = {
			isa = XCBuildConfiguration;
			buildSettings = {
				ALWAYS_SEARCH_USER_PATHS = NO;
				CLANG_ANALYZER_NONNULL = YES;
				CLANG_ANALYZER_NUMBER_OBJECT_CONVERSION = YES_AGGRESSIVE;
				CLANG_CXX_LANGUAGE_STANDARD = "gnu++0x";
				CLANG_CXX_LIBRARY = "libc++";
				CLANG_ENABLE_MODULES = YES;
				CLANG_ENABLE_OBJC_ARC = YES;
				CLANG_WARN_BOOL_CONVERSION = YES;
				CLANG_WARN_CONSTANT_CONVERSION = YES;
				CLANG_WARN_DIRECT_OBJC_ISA_USAGE = YES_ERROR;
				CLANG_WARN_DOCUMENTATION_COMMENTS = YES;
				CLANG_WARN_EMPTY_BODY = YES;
				CLANG_WARN_ENUM_CONVERSION = YES;
				CLANG_WARN_INFINITE_RECURSION = YES;
				CLANG_WARN_INT_CONVERSION = YES;
				CLANG_WARN_OBJC_ROOT_CLASS = YES_ERROR;
				CLANG_WARN_SUSPICIOUS_MOVE = YES;
				CLANG_WARN_UNREACHABLE_CODE = YES;
				CLANG_WARN__DUPLICATE_METHOD_MATCH = YES;
				"CODE_SIGN_IDENTITY[sdk=iphoneos*]" = "iPhone Developer";
				COPY_PHASE_STRIP = NO;
				DEBUG_INFORMATION_FORMAT = "dwarf-with-dsym";
				ENABLE_NS_ASSERTIONS = NO;
				ENABLE_STRICT_OBJC_MSGSEND = YES;
				GCC_C_LANGUAGE_STANDARD = gnu99;
				GCC_NO_COMMON_BLOCKS = YES;
				GCC_WARN_64_TO_32_BIT_CONVERSION = YES;
				GCC_WARN_ABOUT_RETURN_TYPE = YES_ERROR;
				GCC_WARN_UNDECLARED_SELECTOR = YES;
				GCC_WARN_UNINITIALIZED_AUTOS = YES_AGGRESSIVE;
				GCC_WARN_UNUSED_FUNCTION = YES;
				GCC_WARN_UNUSED_VARIABLE = YES;
				IPHONEOS_DEPLOYMENT_TARGET = 10.3;
				MTL_ENABLE_DEBUG_INFO = NO;
				SDKROOT = iphoneos;
				SWIFT_OPTIMIZATION_LEVEL = "-Owholemodule";
				VALIDATE_PRODUCT = YES;
			};
			name = Release;
		};
		229B7B8F1F0F7C29005CCAF7 /* Debug */ = {
			isa = XCBuildConfiguration;
			buildSettings = {
				ASSETCATALOG_COMPILER_APPICON_NAME = AppIcon;
				DEVELOPMENT_TEAM = 9NW4ZFS68P;
				INFOPLIST_FILE = Toast/Info.plist;
				LD_RUNPATH_SEARCH_PATHS = "$(inherited) @executable_path/Frameworks";
				PRODUCT_BUNDLE_IDENTIFIER = com.kikt.Toast;
				PRODUCT_NAME = "$(TARGET_NAME)";
				SWIFT_VERSION = 3.0;
			};
			name = Debug;
		};
		229B7B901F0F7C29005CCAF7 /* Release */ = {
			isa = XCBuildConfiguration;
			buildSettings = {
				ASSETCATALOG_COMPILER_APPICON_NAME = AppIcon;
				DEVELOPMENT_TEAM = 9NW4ZFS68P;
				INFOPLIST_FILE = Toast/Info.plist;
				LD_RUNPATH_SEARCH_PATHS = "$(inherited) @executable_path/Frameworks";
				PRODUCT_BUNDLE_IDENTIFIER = com.kikt.Toast;
				PRODUCT_NAME = "$(TARGET_NAME)";
				SWIFT_VERSION = 3.0;
			};
			name = Release;
		};
		229B7B921F0F7C29005CCAF7 /* Debug */ = {
			isa = XCBuildConfiguration;
			buildSettings = {
				ALWAYS_EMBED_SWIFT_STANDARD_LIBRARIES = YES;
				BUNDLE_LOADER = "$(TEST_HOST)";
				DEVELOPMENT_TEAM = 9NW4ZFS68P;
				INFOPLIST_FILE = ToastTests/Info.plist;
				LD_RUNPATH_SEARCH_PATHS = "$(inherited) @executable_path/Frameworks @loader_path/Frameworks";
				PRODUCT_BUNDLE_IDENTIFIER = com.kikt.ToastTests;
				PRODUCT_NAME = "$(TARGET_NAME)";
				SWIFT_VERSION = 3.0;
				TEST_HOST = "$(BUILT_PRODUCTS_DIR)/Toast.app/Toast";
			};
			name = Debug;
		};
		229B7B931F0F7C29005CCAF7 /* Release */ = {
			isa = XCBuildConfiguration;
			buildSettings = {
				ALWAYS_EMBED_SWIFT_STANDARD_LIBRARIES = YES;
				BUNDLE_LOADER = "$(TEST_HOST)";
				DEVELOPMENT_TEAM = 9NW4ZFS68P;
				INFOPLIST_FILE = ToastTests/Info.plist;
				LD_RUNPATH_SEARCH_PATHS = "$(inherited) @executable_path/Frameworks @loader_path/Frameworks";
				PRODUCT_BUNDLE_IDENTIFIER = com.kikt.ToastTests;
				PRODUCT_NAME = "$(TARGET_NAME)";
				SWIFT_VERSION = 3.0;
				TEST_HOST = "$(BUILT_PRODUCTS_DIR)/Toast.app/Toast";
			};
			name = Release;
		};
		229B7B951F0F7C29005CCAF7 /* Debug */ = {
			isa = XCBuildConfiguration;
			buildSettings = {
				ALWAYS_EMBED_SWIFT_STANDARD_LIBRARIES = YES;
				DEVELOPMENT_TEAM = 9NW4ZFS68P;
				INFOPLIST_FILE = ToastUITests/Info.plist;
				LD_RUNPATH_SEARCH_PATHS = "$(inherited) @executable_path/Frameworks @loader_path/Frameworks";
				PRODUCT_BUNDLE_IDENTIFIER = com.kikt.ToastUITests;
				PRODUCT_NAME = "$(TARGET_NAME)";
				SWIFT_VERSION = 3.0;
				TEST_TARGET_NAME = Toast;
			};
			name = Debug;
		};
		229B7B961F0F7C29005CCAF7 /* Release */ = {
			isa = XCBuildConfiguration;
			buildSettings = {
				ALWAYS_EMBED_SWIFT_STANDARD_LIBRARIES = YES;
				DEVELOPMENT_TEAM = 9NW4ZFS68P;
				INFOPLIST_FILE = ToastUITests/Info.plist;
				LD_RUNPATH_SEARCH_PATHS = "$(inherited) @executable_path/Frameworks @loader_path/Frameworks";
				PRODUCT_BUNDLE_IDENTIFIER = com.kikt.ToastUITests;
				PRODUCT_NAME = "$(TARGET_NAME)";
				SWIFT_VERSION = 3.0;
				TEST_TARGET_NAME = Toast;
			};
			name = Release;
		};
/* End XCBuildConfiguration section */

/* Begin XCConfigurationList section */
		229B7B611F0F7C27005CCAF7 /* Build configuration list for PBXProject "Toast" */ = {
			isa = XCConfigurationList;
			buildConfigurations = (
				229B7B8C1F0F7C29005CCAF7 /* Debug */,
				229B7B8D1F0F7C29005CCAF7 /* Release */,
			);
			defaultConfigurationIsVisible = 0;
			defaultConfigurationName = Release;
		};
		229B7B8E1F0F7C29005CCAF7 /* Build configuration list for PBXNativeTarget "Toast" */ = {
			isa = XCConfigurationList;
			buildConfigurations = (
				229B7B8F1F0F7C29005CCAF7 /* Debug */,
				229B7B901F0F7C29005CCAF7 /* Release */,
			);
			defaultConfigurationIsVisible = 0;
		};
		229B7B911F0F7C29005CCAF7 /* Build configuration list for PBXNativeTarget "ToastTests" */ = {
			isa = XCConfigurationList;
			buildConfigurations = (
				229B7B921F0F7C29005CCAF7 /* Debug */,
				229B7B931F0F7C29005CCAF7 /* Release */,
			);
			defaultConfigurationIsVisible = 0;
		};
		229B7B941F0F7C29005CCAF7 /* Build configuration list for PBXNativeTarget "ToastUITests" */ = {
			isa = XCConfigurationList;
			buildConfigurations = (
				229B7B951F0F7C29005CCAF7 /* Debug */,
				229B7B961F0F7C29005CCAF7 /* Release */,
			);
			defaultConfigurationIsVisible = 0;
		};
/* End XCConfigurationList section */
	};
	rootObject = 229B7B5E1F0F7C27005CCAF7 /* Project object */;
}
